// !$*UTF8*$!
{
	archiveVersion = 1;
	classes = {
	};
	objectVersion = 46;
	objects = {

/* Begin PBXBuildFile section */
		07D31C521D55D81C00CD3141 /* Images.xcassets in Resources */ = {isa = PBXBuildFile; fileRef = 07D31C511D55D81C00CD3141 /* Images.xcassets */; };
		07E8A6641B4F638800C65788 /* main.m in Sources */ = {isa = PBXBuildFile; fileRef = 07E8A6631B4F638800C65788 /* main.m */; };
		07E8A6671B4F638800C65788 /* AppDelegate.m in Sources */ = {isa = PBXBuildFile; fileRef = 07E8A6661B4F638800C65788 /* AppDelegate.m */; };
		07E8A66A1B4F638800C65788 /* ViewController.m in Sources */ = {isa = PBXBuildFile; fileRef = 07E8A6691B4F638800C65788 /* ViewController.m */; };
		07E8A6721B4F638800C65788 /* LaunchScreen.xib in Resources */ = {isa = PBXBuildFile; fileRef = 07E8A6701B4F638800C65788 /* LaunchScreen.xib */; };
		07E8A6891B4F646900C65788 /* Man.m in Sources */ = {isa = PBXBuildFile; fileRef = 07E8A6881B4F646900C65788 /* Man.m */; };
		CDEE395F408C01201B2DE947 /* libPods-MXSqliteDemo.a in Frameworks */ = {isa = PBXBuildFile; fileRef = 27AF38F5E89E5E778D0C5DD0 /* libPods-MXSqliteDemo.a */; };
/* End PBXBuildFile section */

/* Begin PBXFileReference section */
		07D31C511D55D81C00CD3141 /* Images.xcassets */ = {isa = PBXFileReference; lastKnownFileType = folder.assetcatalog; path = Images.xcassets; sourceTree = "<group>"; };
		07E8A65E1B4F638800C65788 /* MXSqliteDemo.app */ = {isa = PBXFileReference; explicitFileType = wrapper.application; includeInIndex = 0; path = MXSqliteDemo.app; sourceTree = BUILT_PRODUCTS_DIR; };
		07E8A6621B4F638800C65788 /* Info.plist */ = {isa = PBXFileReference; lastKnownFileType = text.plist.xml; path = Info.plist; sourceTree = "<group>"; };
		07E8A6631B4F638800C65788 /* main.m */ = {isa = PBXFileReference; lastKnownFileType = sourcecode.c.objc; path = main.m; sourceTree = "<group>"; };
		07E8A6651B4F638800C65788 /* AppDelegate.h */ = {isa = PBXFileReference; lastKnownFileType = sourcecode.c.h; path = AppDelegate.h; sourceTree = "<group>"; };
		07E8A6661B4F638800C65788 /* AppDelegate.m */ = {isa = PBXFileReference; lastKnownFileType = sourcecode.c.objc; path = AppDelegate.m; sourceTree = "<group>"; };
		07E8A6681B4F638800C65788 /* ViewController.h */ = {isa = PBXFileReference; lastKnownFileType = sourcecode.c.h; path = ViewController.h; sourceTree = "<group>"; };
		07E8A6691B4F638800C65788 /* ViewController.m */ = {isa = PBXFileReference; lastKnownFileType = sourcecode.c.objc; path = ViewController.m; sourceTree = "<group>"; };
		07E8A6711B4F638800C65788 /* Base */ = {isa = PBXFileReference; lastKnownFileType = file.xib; name = Base; path = Base.lproj/LaunchScreen.xib; sourceTree = "<group>"; };
		07E8A6871B4F646900C65788 /* Man.h */ = {isa = PBXFileReference; fileEncoding = 4; lastKnownFileType = sourcecode.c.h; path = Man.h; sourceTree = "<group>"; };
		07E8A6881B4F646900C65788 /* Man.m */ = {isa = PBXFileReference; fileEncoding = 4; lastKnownFileType = sourcecode.c.objc; path = Man.m; sourceTree = "<group>"; };
		27AF38F5E89E5E778D0C5DD0 /* libPods-MXSqliteDemo.a */ = {isa = PBXFileReference; explicitFileType = archive.ar; includeInIndex = 0; path = "libPods-MXSqliteDemo.a"; sourceTree = BUILT_PRODUCTS_DIR; };
		3B58B679C3C0C8FF9962EB23 /* Pods-MXSqliteDemo.release.xcconfig */ = {isa = PBXFileReference; includeInIndex = 1; lastKnownFileType = text.xcconfig; name = "Pods-MXSqliteDemo.release.xcconfig"; path = "Pods/Target Support Files/Pods-MXSqliteDemo/Pods-MXSqliteDemo.release.xcconfig"; sourceTree = "<group>"; };
		F2FC0BAC978FB12DED3F516A /* Pods-MXSqliteDemo.debug.xcconfig */ = {isa = PBXFileReference; includeInIndex = 1; lastKnownFileType = text.xcconfig; name = "Pods-MXSqliteDemo.debug.xcconfig"; path = "Pods/Target Support Files/Pods-MXSqliteDemo/Pods-MXSqliteDemo.debug.xcconfig"; sourceTree = "<group>"; };
/* End PBXFileReference section */

/* Begin PBXFrameworksBuildPhase section */
		07E8A65B1B4F638800C65788 /* Frameworks */ = {
			isa = PBXFrameworksBuildPhase;
			buildActionMask = 2147483647;
			files = (
				CDEE395F408C01201B2DE947 /* libPods-MXSqliteDemo.a in Frameworks */,
			);
			runOnlyForDeploymentPostprocessing = 0;
		};
/* End PBXFrameworksBuildPhase section */

/* Begin PBXGroup section */
		07E8A6551B4F638800C65788 = {
			isa = PBXGroup;
			children = (
				07E8A6601B4F638800C65788 /* MXSqliteDemo */,
				07E8A65F1B4F638800C65788 /* Products */,
				53CD2D903C6F5FEB049C507E /* Pods */,
				89F715C0CC38BD9260ED9031 /* Frameworks */,
			);
			sourceTree = "<group>";
		};
		07E8A65F1B4F638800C65788 /* Products */ = {
			isa = PBXGroup;
			children = (
				07E8A65E1B4F638800C65788 /* MXSqliteDemo.app */,
			);
			name = Products;
			sourceTree = "<group>";
		};
		07E8A6601B4F638800C65788 /* MXSqliteDemo */ = {
			isa = PBXGroup;
			children = (
				07E8A6651B4F638800C65788 /* AppDelegate.h */,
				07E8A6661B4F638800C65788 /* AppDelegate.m */,
				07E8A6871B4F646900C65788 /* Man.h */,
				07E8A6881B4F646900C65788 /* Man.m */,
				07E8A6681B4F638800C65788 /* ViewController.h */,
				07E8A6691B4F638800C65788 /* ViewController.m */,
				07E8A6701B4F638800C65788 /* LaunchScreen.xib */,
				07D31C511D55D81C00CD3141 /* Images.xcassets */,
				07E8A6611B4F638800C65788 /* Supporting Files */,
			);
			path = MXSqliteDemo;
			sourceTree = "<group>";
		};
		07E8A6611B4F638800C65788 /* Supporting Files */ = {
			isa = PBXGroup;
			children = (
				07E8A6621B4F638800C65788 /* Info.plist */,
				07E8A6631B4F638800C65788 /* main.m */,
			);
			name = "Supporting Files";
			sourceTree = "<group>";
		};
		53CD2D903C6F5FEB049C507E /* Pods */ = {
			isa = PBXGroup;
			children = (
				F2FC0BAC978FB12DED3F516A /* Pods-MXSqliteDemo.debug.xcconfig */,
				3B58B679C3C0C8FF9962EB23 /* Pods-MXSqliteDemo.release.xcconfig */,
			);
			name = Pods;
			sourceTree = "<group>";
		};
		89F715C0CC38BD9260ED9031 /* Frameworks */ = {
			isa = PBXGroup;
			children = (
				27AF38F5E89E5E778D0C5DD0 /* libPods-MXSqliteDemo.a */,
			);
			name = Frameworks;
			sourceTree = "<group>";
		};
/* End PBXGroup section */

/* Begin PBXNativeTarget section */
		07E8A65D1B4F638800C65788 /* MXSqliteDemo */ = {
			isa = PBXNativeTarget;
			buildConfigurationList = 07E8A6811B4F638800C65788 /* Build configuration list for PBXNativeTarget "MXSqliteDemo" */;
			buildPhases = (
				2F3C05B1DFDB32C8E81F4DD0 /* [CP] Check Pods Manifest.lock */,
				07E8A65A1B4F638800C65788 /* Sources */,
				07E8A65B1B4F638800C65788 /* Frameworks */,
				07E8A65C1B4F638800C65788 /* Resources */,
				B126AE9550C8B855E9CA87C1 /* [CP] Embed Pods Frameworks */,
				0371755A9E6755334CF945A0 /* [CP] Copy Pods Resources */,
			);
			buildRules = (
			);
			dependencies = (
			);
			name = MXSqliteDemo;
			productName = MXSqliteDemo;
			productReference = 07E8A65E1B4F638800C65788 /* MXSqliteDemo.app */;
			productType = "com.apple.product-type.application";
		};
/* End PBXNativeTarget section */

/* Begin PBXProject section */
		07E8A6561B4F638800C65788 /* Project object */ = {
			isa = PBXProject;
			attributes = {
				LastUpgradeCheck = 0730;
				ORGANIZATIONNAME = eric;
				TargetAttributes = {
					07E8A65D1B4F638800C65788 = {
						CreatedOnToolsVersion = 6.3.2;
					};
				};
			};
			buildConfigurationList = 07E8A6591B4F638800C65788 /* Build configuration list for PBXProject "MXSqliteDemo" */;
			compatibilityVersion = "Xcode 3.2";
			developmentRegion = English;
			hasScannedForEncodings = 0;
			knownRegions = (
				en,
				Base,
			);
			mainGroup = 07E8A6551B4F638800C65788;
			productRefGroup = 07E8A65F1B4F638800C65788 /* Products */;
			projectDirPath = "";
			projectRoot = "";
			targets = (
				07E8A65D1B4F638800C65788 /* MXSqliteDemo */,
			);
		};
/* End PBXProject section */

/* Begin PBXResourcesBuildPhase section */
		07E8A65C1B4F638800C65788 /* Resources */ = {
			isa = PBXResourcesBuildPhase;
			buildActionMask = 2147483647;
			files = (
				07E8A6721B4F638800C65788 /* LaunchScreen.xib in Resources */,
				07D31C521D55D81C00CD3141 /* Images.xcassets in Resources */,
			);
			runOnlyForDeploymentPostprocessing = 0;
		};
/* End PBXResourcesBuildPhase section */

/* Begin PBXShellScriptBuildPhase section */
		0371755A9E6755334CF945A0 /* [CP] Copy Pods Resources */ = {
			isa = PBXShellScriptBuildPhase;
			buildActionMask = 2147483647;
			files = (
			);
			inputPaths = (
			);
			name = "[CP] Copy Pods Resources";
			outputPaths = (
			);
			runOnlyForDeploymentPostprocessing = 0;
			shellPath = /bin/sh;
			shellScript = "\"${SRCROOT}/Pods/Target Support Files/Pods-MXSqliteDemo/Pods-MXSqliteDemo-resources.sh\"\n";
			showEnvVarsInLog = 0;
		};
		2F3C05B1DFDB32C8E81F4DD0 /* [CP] Check Pods Manifest.lock */ = {
			isa = PBXShellScriptBuildPhase;
			buildActionMask = 2147483647;
			files = (
			);
			inputPaths = (
			);
			name = "[CP] Check Pods Manifest.lock";
			outputPaths = (
			);
			runOnlyForDeploymentPostprocessing = 0;
			shellPath = /bin/sh;
			shellScript = "diff \"${PODS_ROOT}/../Podfile.lock\" \"${PODS_ROOT}/Manifest.lock\" > /dev/null\nif [[ $? != 0 ]] ; then\n    cat << EOM\nerror: The sandbox is not in sync with the Podfile.lock. Run 'pod install' or update your CocoaPods installation.\nEOM\n    exit 1\nfi\n";
			showEnvVarsInLog = 0;
		};
		B126AE9550C8B855E9CA87C1 /* [CP] Embed Pods Frameworks */ = {
			isa = PBXShellScriptBuildPhase;
			buildActionMask = 2147483647;
			files = (
			);
			inputPaths = (
			);
			name = "[CP] Embed Pods Frameworks";
			outputPaths = (
			);
			runOnlyForDeploymentPostprocessing = 0;
			shellPath = /bin/sh;
			shellScript = "\"${SRCROOT}/Pods/Target Support Files/Pods-MXSqliteDemo/Pods-MXSqliteDemo-frameworks.sh\"\n";
			showEnvVarsInLog = 0;
		};
/* End PBXShellScriptBuildPhase section */

/* Begin PBXSourcesBuildPhase section */
		07E8A65A1B4F638800C65788 /* Sources */ = {
			isa = PBXSourcesBuildPhase;
			buildActionMask = 2147483647;
			files = (
				07E8A6891B4F646900C65788 /* Man.m in Sources */,
				07E8A66A1B4F638800C65788 /* ViewController.m in Sources */,
				07E8A6671B4F638800C65788 /* AppDelegate.m in Sources */,
				07E8A6641B4F638800C65788 /* main.m in Sources */,
			);
			runOnlyForDeploymentPostprocessing = 0;
		};
/* End PBXSourcesBuildPhase section */

/* Begin PBXVariantGroup section */
		07E8A6701B4F638800C65788 /* LaunchScreen.xib */ = {
			isa = PBXVariantGroup;
			children = (
				07E8A6711B4F638800C65788 /* Base */,
			);
			name = LaunchScreen.xib;
			sourceTree = "<group>";
		};
/* End PBXVariantGroup section */

/* Begin XCBuildConfiguration section */
		07E8A67F1B4F638800C65788 /* Debug */ = {
			isa = XCBuildConfiguration;
			buildSettings = {
				ALWAYS_SEARCH_USER_PATHS = NO;
				CLANG_CXX_LANGUAGE_STANDARD = "gnu++0x";
				CLANG_CXX_LIBRARY = "libc++";
				CLANG_ENABLE_MODULES = YES;
				CLANG_ENABLE_OBJC_ARC = YES;
				CLANG_WARN_BOOL_CONVERSION = YES;
				CLANG_WARN_CONSTANT_CONVERSION = YES;
				CLANG_WARN_DIRECT_OBJC_ISA_USAGE = YES_ERROR;
				CLANG_WARN_EMPTY_BODY = YES;
				CLANG_WARN_ENUM_CONVERSION = YES;
				CLANG_WARN_INT_CONVERSION = YES;
				CLANG_WARN_OBJC_ROOT_CLASS = YES_ERROR;
				CLANG_WARN_UNREACHABLE_CODE = YES;
				CLANG_WARN__DUPLICATE_METHOD_MATCH = YES;
				"CODE_SIGN_IDENTITY[sdk=iphoneos*]" = "iPhone Developer";
				COPY_PHASE_STRIP = NO;
				DEBUG_INFORMATION_FORMAT = "dwarf-with-dsym";
				ENABLE_STRICT_OBJC_MSGSEND = YES;
				ENABLE_TESTABILITY = YES;
				GCC_C_LANGUAGE_STANDARD = gnu99;
				GCC_DYNAMIC_NO_PIC = NO;
				GCC_NO_COMMON_BLOCKS = YES;
				GCC_OPTIMIZATION_LEVEL = 0;
				GCC_PREPROCESSOR_DEFINITIONS = (
					"DEBUG=1",
					"$(inherited)",
				);
				GCC_SYMBOLS_PRIVATE_EXTERN = NO;
				GCC_WARN_64_TO_32_BIT_CONVERSION = YES;
				GCC_WARN_ABOUT_RETURN_TYPE = YES_ERROR;
				GCC_WARN_UNDECLARED_SELECTOR = YES;
				GCC_WARN_UNINITIALIZED_AUTOS = YES_AGGRESSIVE;
				GCC_WARN_UNUSED_FUNCTION = YES;
				GCC_WARN_UNUSED_VARIABLE = YES;
				IPHONEOS_DEPLOYMENT_TARGET = 6.0;
				MTL_ENABLE_DEBUG_INFO = YES;
				ONLY_ACTIVE_ARCH = YES;
				SDKROOT = iphoneos;
			};
			name = Debug;
		};
		07E8A6801B4F638800C65788 /* Release */ = {
			isa = XCBuildConfiguration;
			buildSettings = {
				ALWAYS_SEARCH_USER_PATHS = NO;
				CLANG_CXX_LANGUAGE_STANDARD = "gnu++0x";
				CLANG_CXX_LIBRARY = "libc++";
				CLANG_ENABLE_MODULES = YES;
				CLANG_ENABLE_OBJC_ARC = YES;
				CLANG_WARN_BOOL_CONVERSION = YES;
				CLANG_WARN_CONSTANT_CONVERSION = YES;
				CLANG_WARN_DIRECT_OBJC_ISA_USAGE = YES_ERROR;
				CLANG_WARN_EMPTY_BODY = YES;
				CLANG_WARN_ENUM_CONVERSION = YES;
				CLANG_WARN_INT_CONVERSION = YES;
				CLANG_WARN_OBJC_ROOT_CLASS = YES_ERROR;
				CLANG_WARN_UNREACHABLE_CODE = YES;
				CLANG_WARN__DUPLICATE_METHOD_MATCH = YES;
				"CODE_SIGN_IDENTITY[sdk=iphoneos*]" = "iPhone Developer";
				COPY_PHASE_STRIP = NO;
				DEBUG_INFORMATION_FORMAT = "dwarf-with-dsym";
				ENABLE_NS_ASSERTIONS = NO;
				ENABLE_STRICT_OBJC_MSGSEND = YES;
				GCC_C_LANGUAGE_STANDARD = gnu99;
				GCC_NO_COMMON_BLOCKS = YES;
				GCC_WARN_64_TO_32_BIT_CONVERSION = YES;
				GCC_WARN_ABOUT_RETURN_TYPE = YES_ERROR;
				GCC_WARN_UNDECLARED_SELECTOR = YES;
				GCC_WARN_UNINITIALIZED_AUTOS = YES_AGGRESSIVE;
				GCC_WARN_UNUSED_FUNCTION = YES;
				GCC_WARN_UNUSED_VARIABLE = YES;
				IPHONEOS_DEPLOYMENT_TARGET = 6.0;
				MTL_ENABLE_DEBUG_INFO = NO;
				SDKROOT = iphoneos;
				VALIDATE_PRODUCT = YES;
			};
			name = Release;
		};
		07E8A6821B4F638800C65788 /* Debug */ = {
			isa = XCBuildConfiguration;
			baseConfigurationReference = F2FC0BAC978FB12DED3F516A /* Pods-MXSqliteDemo.debug.xcconfig */;
			buildSettings = {
				ASSETCATALOG_COMPILER_APPICON_NAME = AppIcon;
				ASSETCATALOG_COMPILER_LAUNCHIMAGE_NAME = "Brand Assets";
				INFOPLIST_FILE = MXSqliteDemo/Info.plist;
				LD_RUNPATH_SEARCH_PATHS = "$(inherited) @executable_path/Frameworks";
				PRODUCT_BUNDLE_IDENTIFIER = "com.eric.$(PRODUCT_NAME:rfc1034identifier)";
				PRODUCT_NAME = "$(TARGET_NAME)";
			};
			name = Debug;
		};
		07E8A6831B4F638800C65788 /* Release */ = {
			isa = XCBuildConfiguration;
			baseConfigurationReference = 3B58B679C3C0C8FF9962EB23 /* Pods-MXSqliteDemo.release.xcconfig */;
			buildSettings = {
				ASSETCATALOG_COMPILER_APPICON_NAME = AppIcon;
				ASSETCATALOG_COMPILER_LAUNCHIMAGE_NAME = "Brand Assets";
				INFOPLIST_FILE = MXSqliteDemo/Info.plist;
				LD_RUNPATH_SEARCH_PATHS = "$(inherited) @executable_path/Frameworks";
				PRODUCT_BUNDLE_IDENTIFIER = "com.eric.$(PRODUCT_NAME:rfc1034identifier)";
				PRODUCT_NAME = "$(TARGET_NAME)";
			};
			name = Release;
		};
/* End XCBuildConfiguration section */

/* Begin XCConfigurationList section */
		07E8A6591B4F638800C65788 /* Build configuration list for PBXProject "MXSqliteDemo" */ = {
			isa = XCConfigurationList;
			buildConfigurations = (
				07E8A67F1B4F638800C65788 /* Debug */,
				07E8A6801B4F638800C65788 /* Release */,
			);
			defaultConfigurationIsVisible = 0;
			defaultConfigurationName = Release;
		};
		07E8A6811B4F638800C65788 /* Build configuration list for PBXNativeTarget "MXSqliteDemo" */ = {
			isa = XCConfigurationList;
			buildConfigurations = (
				07E8A6821B4F638800C65788 /* Debug */,
				07E8A6831B4F638800C65788 /* Release */,
			);
			defaultConfigurationIsVisible = 0;
			defaultConfigurationName = Release;
		};
/* End XCConfigurationList section */
	};
	rootObject = 07E8A6561B4F638800C65788 /* Project object */;
}
